lockfile_version: '1'
generated_at: '2026-08-08T10:15:00.262358+00:00'
apm_version: 0.14.0
dependencies:
- repo_url: netfabric/intelligentium
  host: github.com
  resolved_commit: 0ac6d1df37f5f701ae2bdbc491ffabe3ad1848b3
  virtual_path: plugins/agent-authoring
  is_virtual: true
  package_type: apm_package
  deployed_files:
  - .agents/skills/agent-graph-orchestration
  - .agents/skills/agents-md
  - .agents/skills/claude-code-custom-agents
  - .agents/skills/copilot-cli-custom-agents
  - .agents/skills/copilot-github-actions
  - .agents/skills/copilot-sdk
  - .agents/skills/create-skill
  - .agents/skills/markdown-best-practices
  - .agents/skills/mermaid-diagrams
  - .agents/skills/model-selection
  - .agents/skills/toon
  content_hash: sha256:ba59e1bd110b009838c7c0bcd14dfe6eb566869e9a5f9319606ae9a62d6e8eb8
- repo_url: netfabric/intelligentium
  host: github.com
  resolved_commit: 0ac6d1df37f5f701ae2bdbc491ffabe3ad1848b3
  virtual_path: plugins/agentic-discovery
  is_virtual: true
  package_type: apm_package
  deployed_files:
  - .agents/skills/agentic-resource-discovery
  content_hash: sha256:d33ad0153e511f873a694c6c463bd95fc570224ad3268e598634cd138abf6931
- repo_url: netfabric/intelligentium
  host: github.com
  resolved_commit: 0ac6d1df37f5f701ae2bdbc491ffabe3ad1848b3
  virtual_path: plugins/apm-authoring
  is_virtual: true
  package_type: apm_package
  deployed_files:
  - .agents/skills/apm-actions
  - .agents/skills/apm-consumer
  - .agents/skills/apm-producer
  content_hash: sha256:4173f71550cb70457beb2e3b0e5ac60fef1319d17644e47273fe4c5967f24342
